lockfile_version: '1'
generated_at: '2026-06-06T12:18:40.208532+00:00'
apm_version: 0.16.0
dependencies:
- repo_url: _local/common
  package_type: apm_package
  deployed_files:
  - .agents/skills/agent-skills-review
  - .agents/skills/docs-creation
  - .agents/skills/github-actions-review
  - .agents/skills/github-actions-validation
  - .agents/skills/github-pr-body
  - .agents/skills/instructions-review
  - .agents/skills/markdown-validation
  - .github/hooks/common-github-actions-actionlint.json
  - .github/hooks/common-github-actions-ghalint.json
  - .github/hooks/common-github-actions-zizmor.json
  - .github/hooks/common-lean-ctx.json
  - .github/hooks/common-markdown-link-check.json
  - .github/hooks/common-markdownlint-cli2.json
  - .github/instructions/agent-skills.instructions.md
  - .github/instructions/github-actions-workflow.instructions.md
  - .github/instructions/instructions.instructions.md
  - .github/instructions/markdown.instructions.md
  deployed_file_hashes:
    .github/hooks/common-github-actions-actionlint.json: sha256:f6efc13b1cd9e4c421e99ea31096d75eb798a2582e0f671d1313c5a874db8764
    .github/hooks/common-github-actions-ghalint.json: sha256:9af22a863c4e2b6716d67290d711c9689d2fb8c0d5a9ce5981080b24747b8fd8
    .github/hooks/common-github-actions-zizmor.json: sha256:a025bcdd8953ebe8ebca12b1459611394e7a8ed390105a1e53fb526a5a90a947
    .github/hooks/common-lean-ctx.json: sha256:e7850720c6989c31fedddf4b85595874a01cf7260f3d00264218ec1a94ddb244
    .github/hooks/common-markdown-link-check.json: sha256:32ef4a1bcc5d47044a3f6415749007a8e57c35f7bba5c5c638dc07957dc3d418
    .github/hooks/common-markdownlint-cli2.json: sha256:adaf3cd383f460a43e9b5f0a56f979e5d1188986546081578fde81a79832497d
    .github/instructions/agent-skills.instructions.md: sha256:c4d6fbf162ea92229232615e967c5e5d004bd8f442354b7c85ee6ecd45cfb557
    .github/instructions/github-actions-workflow.instructions.md: sha256:5585dd66938fcded0dcb7e860a87db7cad43a1817b08388a023ce7c912674621
    .github/instructions/instructions.instructions.md: sha256:d700d5d3f3af6caaebd92f99e02c1d066c3dad9bc9d031c4e25c3c5d2bebd850
    .github/instructions/markdown.instructions.md: sha256:84d9e10189f1aff629779e96101f92bdda63c6a90d1a1ad4875a6e1281b22d6d
  source: local
  local_path: ./.apm/packages/common
- repo_url: _local/go
  package_type: apm_package
  deployed_files:
  - .agents/skills/go-review
  - .agents/skills/go-validation
  - .github/hooks/go-golangci-lint.json
  - .github/instructions/go.instructions.md
  deployed_file_hashes:
    .github/hooks/go-golangci-lint.json: sha256:1f65dfc843010a9f00233aee119930442c1950913a13a2920a806f306472abfa
    .github/instructions/go.instructions.md: sha256:e51bd95a7fb1cef5c32ab54a48cd354452d5c7da0acc7a622ea332ce01c137a2
  source: local
  local_path: ./.apm/packages/go
- repo_url: _local/shell-script
  package_type: apm_package
  deployed_files:
  - .agents/skills/shell-script-review
  - .agents/skills/shell-script-validation
  - .github/hooks/shell-script-shellcheck.json
  - .github/hooks/shell-script-shfmt.json
  - .github/instructions/shell-script.instructions.md
  deployed_file_hashes:
    .github/hooks/shell-script-shellcheck.json: sha256:e251dd401c5a36c3e48977bd715eaa3c72ad1f6dc9a336ac4da30676ca6ec74c
    .github/hooks/shell-script-shfmt.json: sha256:aefd8ae25a199894a8a95d1eef00d089e7e94c58d6086caa4aac666d2f2c30a9
    .github/instructions/shell-script.instructions.md: sha256:7cffbe5657c7441b6f542cc8231777cf615217e543298952ed0bf360e4094815
  source: local
  local_path: ./.apm/packages/shell-script
mcp_servers:
- codebase-memory-mcp
- context7
- fetch
- github
- lean-ctx
- playwright
mcp_configs:
  codebase-memory-mcp:
    name: codebase-memory-mcp
    transport: stdio
    args: []
    registry: false
    command: codebase-memory-mcp
  context7:
    name: context7
    transport: stdio
    args:
    - -y
    - '@upstash/context7-mcp@2.2.5'
    registry: false
    command: npx
  fetch:
    name: fetch
    transport: stdio
    args:
    - mcp-server-fetch==2025.4.7
    registry: false
    command: uvx
  github:
    name: github
    transport: stdio
    args:
    - -lc
    - TOKEN="$GH_TOKEN"; if [ -z "$TOKEN" ]; then TOKEN="$GITHUB_TOKEN"; fi; uvx mcp-compressor==0.19.8
      -- uvx mcp-proxy==0.12.0 --transport streamablehttp -H Authorization "Bearer
      $TOKEN" https://api.githubcopilot.com/mcp/
    registry: false
    command: bash
  lean-ctx:
    name: lean-ctx
    transport: stdio
    args:
    - mcp
    registry: false
    command: lean-ctx
  playwright:
    name: playwright
    transport: stdio
    args:
    - -y
    - '@playwright/mcp@0.0.75'
    registry: false
    command: npx
