lockfile_version: '1'
generated_at: '2026-05-18T14:39:32.296279+00:00'
apm_version: 0.13.0
dependencies:
- repo_url: y-miyazaki/config
  host: github.com
  resolved_commit: 121f907c4b4edb26ebabd6eb619c77a100bae9c7
  resolved_ref: v1.1.4
  virtual_path: .apm/packages/common
  is_virtual: true
  package_type: apm_package
  deployed_files:
  - .agents/skills/agent-skills-review
  - .agents/skills/docs-creation
  - .agents/skills/github-actions-review
  - .agents/skills/github-actions-validation
  - .agents/skills/github-pr-body
  - .agents/skills/instructions-review
  - .agents/skills/markdown-validation
  - .github/instructions/agent-skills.instructions.md
  - .github/instructions/github-actions-workflow.instructions.md
  - .github/instructions/instructions.instructions.md
  - .github/instructions/markdown.instructions.md
  deployed_file_hashes:
    .github/instructions/agent-skills.instructions.md: sha256:ae41870c5b0291e2989439e8b872456e2fe1e3e0991d40f17873f683fca73b1e
    .github/instructions/github-actions-workflow.instructions.md: sha256:8a38b9d010700e1f17c785ce56233f8226091011ede108d8d3c9569a7cadcd39
    .github/instructions/instructions.instructions.md: sha256:5e5cb7bf22ba442a0df26ebbaa76a7d98c013780fa4a4ef9864301aa33b51722
    .github/instructions/markdown.instructions.md: sha256:c69f38c05ed8445b9bf631b1068a7ed46f9d1e8d170c0f341a7e31e623db5911
  content_hash: sha256:132a9068f7587c1c10fd52bff8ec8c096271e3f9001a61f45fc3d602931e03a7
- repo_url: y-miyazaki/config
  host: github.com
  resolved_commit: 121f907c4b4edb26ebabd6eb619c77a100bae9c7
  resolved_ref: v1.1.4
  virtual_path: .apm/packages/go
  is_virtual: true
  package_type: apm_package
  deployed_files:
  - .agents/skills/go-review
  - .agents/skills/go-validation
  - .github/instructions/go.instructions.md
  deployed_file_hashes:
    .github/instructions/go.instructions.md: sha256:2e94194614dc670dac4ac13226abc6973741a790c4f1c0d12a9fcc5ed8ccd8e1
  content_hash: sha256:be576bc8cd1182cfc1475c0cf01f79524969fb4379fc725c2787bc7d4fd65854
- repo_url: y-miyazaki/config
  host: github.com
  resolved_commit: 121f907c4b4edb26ebabd6eb619c77a100bae9c7
  resolved_ref: v1.1.4
  virtual_path: .apm/packages/mcp/common
  is_virtual: true
  package_type: apm_package
  content_hash: sha256:1a61b9ae7a4e138fc4619fea4888456d0086722ec289b20bd4715ff69b141a8a
- repo_url: y-miyazaki/config
  host: github.com
  resolved_commit: 121f907c4b4edb26ebabd6eb619c77a100bae9c7
  resolved_ref: v1.1.4
  virtual_path: .apm/packages/mcp/performance
  is_virtual: true
  package_type: apm_package
  content_hash: sha256:e251c8e56f28f6eeeaa7e5566d2e176d389720e3d3d3457a11585627ca2df064
- repo_url: y-miyazaki/config
  host: github.com
  resolved_commit: 121f907c4b4edb26ebabd6eb619c77a100bae9c7
  resolved_ref: v1.1.4
  virtual_path: .apm/packages/shell-script
  is_virtual: true
  package_type: apm_package
  deployed_files:
  - .agents/skills/shell-script-review
  - .agents/skills/shell-script-validation
  - .github/instructions/shell-script.instructions.md
  deployed_file_hashes:
    .github/instructions/shell-script.instructions.md: sha256:e125a96a1be325f6753dda38fe2a3d02e1a76899f25bdea11e3a924d7a29436c
  content_hash: sha256:7d046fe11281b6dcb04ae42ea876cc9d30855d7715ac406dba21205012ba0762
- repo_url: y-miyazaki/config
  host: github.com
  resolved_commit: 121f907c4b4edb26ebabd6eb619c77a100bae9c7
  resolved_ref: v1.1.4
  virtual_path: .apm/packages/terraform
  is_virtual: true
  package_type: apm_package
  deployed_files:
  - .agents/skills/terraform-review
  - .agents/skills/terraform-validation
  - .github/instructions/terraform.instructions.md
  deployed_file_hashes:
    .github/instructions/terraform.instructions.md: sha256:f9f88efbcb714dca928d9d62c00e44892d38a486ac900fe34d1e45397c368731
  content_hash: sha256:2b8e12b7fcf70f4451d9a332273b84e8dbb794e13e052212d9924f7eb63cd4c6
mcp_servers:
- codebase-memory-mcp
- context7
- fetch
- github
- lean-ctx
- playwright
mcp_configs:
  codebase-memory-mcp:
    name: codebase-memory-mcp
    transport: stdio
    args: []
    registry: false
    command: codebase-memory-mcp
  context7:
    name: context7
    transport: stdio
    args:
    - -y
    - '@upstash/context7-mcp@2.2.5'
    registry: false
    command: npx
  fetch:
    name: fetch
    transport: stdio
    args:
    - mcp-server-fetch==2025.4.7
    registry: false
    command: uvx
  github:
    name: github
    transport: stdio
    args:
    - mcp-proxy
    - --transport
    - streamablehttp
    - https://api.githubcopilot.com/mcp/
    registry: false
    command: uvx
  lean-ctx:
    name: lean-ctx
    transport: stdio
    args:
    - mcp
    registry: false
    command: lean-ctx
  playwright:
    name: playwright
    transport: stdio
    args:
    - -y
    - '@playwright/mcp@0.0.75'
    registry: false
    command: npx
